
Microsoft Visual Studio Solution File, Format Version 11.00
# Visual Studio 2010
Project("{FAE04EC0-301F-11D3-BF4B-00C04F79EFBC}") = "MyUrlRewrite", "MyUrlRewrite\MyUrlRewrite.csproj", "{2D255DE0-B693-44AC-8118-E39CB48B970A}"
EndProject
Project("{E24C65DC-7377-472B-9ABA-BC803B73C61A}") = "MyUrlRewriteWebSite", "..\MyUrlRewriteWebSite\", "{2681114C-B62A-48B9-A6BE-C87E98170EBF}"
	ProjectSection(WebsiteProperties) = preProject
		Frontpage = "false"
		TargetFrameworkMoniker = ".NETFramework,Version%3Dv4.0"
		ProjectReferences = "{2D255DE0-B693-44AC-8118-E39CB48B970A}|MyUrlRewrite.dll;"
		Debug.AspNetCompiler.VirtualPath = "/MyUrlRewriteWebSite"
		Debug.AspNetCompiler.PhysicalPath = "..\MyUrlRewriteWebSite\"
		Debug.AspNetCompiler.TargetPath = "PrecompiledWeb\MyUrlRewriteWebSite\"
		Debug.AspNetCompiler.Updateable = "true"
		Debug.AspNetCompiler.ForceOverwrite = "true"
		Debug.AspNetCompiler.FixedNames = "false"
		Debug.AspNetCompiler.Debug = "True"
		Release.AspNetCompiler.VirtualPath = "/MyUrlRewriteWebSite"
		Release.AspNetCompiler.PhysicalPath = "..\MyUrlRewriteWebSite\"
		Release.AspNetCompiler.TargetPath = "PrecompiledWeb\MyUrlRewriteWebSite\"
		Release.AspNetCompiler.Updateable = "true"
		Release.AspNetCompiler.ForceOverwrite = "true"
		Release.AspNetCompiler.FixedNames = "false"
		Release.AspNetCompiler.Debug = "False"
		VWDPort = "54795"
		DefaultWebSiteLanguage = "Visual C#"
	EndProjectSection
EndProject
Global
	GlobalSection(SolutionConfigurationPlatforms) = preSolution
		Debug|Any CPU = Debug|Any CPU
		Debug|Mixed Platforms = Debug|Mixed Platforms
		Debug|x86 = Debug|x86
		Release|Any CPU = Release|Any CPU
		Release|Mixed Platforms = Release|Mixed Platforms
		Release|x86 = Release|x86
	EndGlobalSection
	GlobalSection(ProjectConfigurationPlatforms) = postSolution
		{2D255DE0-B693-44AC-8118-E39CB48B970A}.Debug|Any CPU.ActiveCfg = Debug|x86
		{2D255DE0-B693-44AC-8118-E39CB48B970A}.Debug|Mixed Platforms.ActiveCfg = Debug|x86
		{2D255DE0-B693-44AC-8118-E39CB48B970A}.Debug|Mixed Platforms.Build.0 = Debug|x86
		{2D255DE0-B693-44AC-8118-E39CB48B970A}.Debug|x86.ActiveCfg = Debug|x86
		{2D255DE0-B693-44AC-8118-E39CB48B970A}.Debug|x86.Build.0 = Debug|x86
		{2D255DE0-B693-44AC-8118-E39CB48B970A}.Release|Any CPU.ActiveCfg = Release|x86
		{2D255DE0-B693-44AC-8118-E39CB48B970A}.Release|Mixed Platforms.ActiveCfg = Release|x86
		{2D255DE0-B693-44AC-8118-E39CB48B970A}.Release|Mixed Platforms.Build.0 = Release|x86
		{2D255DE0-B693-44AC-8118-E39CB48B970A}.Release|x86.ActiveCfg = Release|x86
		{2D255DE0-B693-44AC-8118-E39CB48B970A}.Release|x86.Build.0 = Release|x86
		{2681114C-B62A-48B9-A6BE-C87E98170EBF}.Debug|Any CPU.ActiveCfg = Debug|Any CPU
		{2681114C-B62A-48B9-A6BE-C87E98170EBF}.Debug|Any CPU.Build.0 = Debug|Any CPU
		{2681114C-B62A-48B9-A6BE-C87E98170EBF}.Debug|Mixed Platforms.ActiveCfg = Debug|Any CPU
		{2681114C-B62A-48B9-A6BE-C87E98170EBF}.Debug|Mixed Platforms.Build.0 = Debug|Any CPU
		{2681114C-B62A-48B9-A6BE-C87E98170EBF}.Debug|x86.ActiveCfg = Debug|Any CPU
		{2681114C-B62A-48B9-A6BE-C87E98170EBF}.Release|Any CPU.ActiveCfg = Debug|Any CPU
		{2681114C-B62A-48B9-A6BE-C87E98170EBF}.Release|Any CPU.Build.0 = Debug|Any CPU
		{2681114C-B62A-48B9-A6BE-C87E98170EBF}.Release|Mixed Platforms.ActiveCfg = Debug|Any CPU
		{2681114C-B62A-48B9-A6BE-C87E98170EBF}.Release|Mixed Platforms.Build.0 = Debug|Any CPU
		{2681114C-B62A-48B9-A6BE-C87E98170EBF}.Release|x86.ActiveCfg = Debug|Any CPU
	EndGlobalSection
	GlobalSection(SolutionProperties) = preSolution
		HideSolutionNode = FALSE
	EndGlobalSection
EndGlobal
